
Microsoft Visual Studio Solution File, Format Version 12.00
# Visual Studio 15
VisualStudioVersion = 15.0.27703.2026
MinimumVisualStudioVersion = 10.0.40219.1
Project("{888888A0-9F3D-457C-B088-3A5042F75D52}") = "beursbar_calculate_prices", "beursbar_calculate_prices\beursbar_calculate_prices.pyproj", "{CD421308-9357-4C86-BA81-09C666655AA3}"
EndProject
Global
	GlobalSection(SolutionConfigurationPlatforms) = preSolution
		Debug|Any CPU = Debug|Any CPU
		Release|Any CPU = Release|Any CPU
	EndGlobalSection
	GlobalSection(ProjectConfigurationPlatforms) = postSolution
		{CD421308-9357-4C86-BA81-09C666655AA3}.Debug|Any CPU.ActiveCfg = Debug|Any CPU
		{CD421308-9357-4C86-BA81-09C666655AA3}.Release|Any CPU.ActiveCfg = Release|Any CPU
	EndGlobalSection
	GlobalSection(SolutionProperties) = preSolution
		HideSolutionNode = FALSE
	EndGlobalSection
	GlobalSection(ExtensibilityGlobals) = postSolution
		SolutionGuid = {BA3F4F70-A986-4904-A93A-7031403F4F5C}
	EndGlobalSection
EndGlobal
